
Microsoft Visual Studio Solution File, Format Version 12.00
# Visual Studio Version 17
VisualStudioVersion = 17.3.32929.385
MinimumVisualStudioVersion = 10.0.40219.1
Project("{FAE04EC0-301F-11D3-BF4B-00C04F79EFBC}") = "Proyecto", "Proyecto\Proyecto.csproj", "{31E01F22-E8CA-4D07-9F22-95672BABE9A0}"
EndProject
<<<<<<< HEAD
Project("{FAE04EC0-301F-11D3-BF4B-00C04F79EFBC}") = "InterfazGrafica", "InterfazgGrafica\InterfazGrafica.csproj", "{748402D4-8569-4D55-B5E8-9472361FC2EF}"
=======
Project("{FAE04EC0-301F-11D3-BF4B-00C04F79EFBC}") = "Entidades", "Entidades\Entidades.csproj", "{30F622CB-03F6-44E6-95C4-C04C4E6BB9CB}"
EndProject
Project("{FAE04EC0-301F-11D3-BF4B-00C04F79EFBC}") = "Logica", "Logica\Logica.csproj", "{86B5420B-7B60-467B-9F7E-A9FFEB183519}"
EndProject
Project("{FAE04EC0-301F-11D3-BF4B-00C04F79EFBC}") = "Datos", "Datos\Datos.csproj", "{FC80124C-49EF-4F4F-9276-8DE93B31510C}"
>>>>>>> 20b9a970085fbf413ec2e0d2812d468c9ce1ab52
EndProject
Global
	GlobalSection(SolutionConfigurationPlatforms) = preSolution
		Debug|Any CPU = Debug|Any CPU
		Release|Any CPU = Release|Any CPU
	EndGlobalSection
	GlobalSection(ProjectConfigurationPlatforms) = postSolution
		{31E01F22-E8CA-4D07-9F22-95672BABE9A0}.Debug|Any CPU.ActiveCfg = Debug|Any CPU
		{31E01F22-E8CA-4D07-9F22-95672BABE9A0}.Debug|Any CPU.Build.0 = Debug|Any CPU
		{31E01F22-E8CA-4D07-9F22-95672BABE9A0}.Release|Any CPU.ActiveCfg = Release|Any CPU
		{31E01F22-E8CA-4D07-9F22-95672BABE9A0}.Release|Any CPU.Build.0 = Release|Any CPU
<<<<<<< HEAD
		{748402D4-8569-4D55-B5E8-9472361FC2EF}.Debug|Any CPU.ActiveCfg = Debug|Any CPU
		{748402D4-8569-4D55-B5E8-9472361FC2EF}.Debug|Any CPU.Build.0 = Debug|Any CPU
		{748402D4-8569-4D55-B5E8-9472361FC2EF}.Release|Any CPU.ActiveCfg = Release|Any CPU
		{748402D4-8569-4D55-B5E8-9472361FC2EF}.Release|Any CPU.Build.0 = Release|Any CPU
=======
		{30F622CB-03F6-44E6-95C4-C04C4E6BB9CB}.Debug|Any CPU.ActiveCfg = Debug|Any CPU
		{30F622CB-03F6-44E6-95C4-C04C4E6BB9CB}.Debug|Any CPU.Build.0 = Debug|Any CPU
		{30F622CB-03F6-44E6-95C4-C04C4E6BB9CB}.Release|Any CPU.ActiveCfg = Release|Any CPU
		{30F622CB-03F6-44E6-95C4-C04C4E6BB9CB}.Release|Any CPU.Build.0 = Release|Any CPU
		{86B5420B-7B60-467B-9F7E-A9FFEB183519}.Debug|Any CPU.ActiveCfg = Debug|Any CPU
		{86B5420B-7B60-467B-9F7E-A9FFEB183519}.Debug|Any CPU.Build.0 = Debug|Any CPU
		{86B5420B-7B60-467B-9F7E-A9FFEB183519}.Release|Any CPU.ActiveCfg = Release|Any CPU
		{86B5420B-7B60-467B-9F7E-A9FFEB183519}.Release|Any CPU.Build.0 = Release|Any CPU
		{FC80124C-49EF-4F4F-9276-8DE93B31510C}.Debug|Any CPU.ActiveCfg = Debug|Any CPU
		{FC80124C-49EF-4F4F-9276-8DE93B31510C}.Debug|Any CPU.Build.0 = Debug|Any CPU
		{FC80124C-49EF-4F4F-9276-8DE93B31510C}.Release|Any CPU.ActiveCfg = Release|Any CPU
		{FC80124C-49EF-4F4F-9276-8DE93B31510C}.Release|Any CPU.Build.0 = Release|Any CPU
>>>>>>> 20b9a970085fbf413ec2e0d2812d468c9ce1ab52
	EndGlobalSection
	GlobalSection(SolutionProperties) = preSolution
		HideSolutionNode = FALSE
	EndGlobalSection
	GlobalSection(ExtensibilityGlobals) = postSolution
		SolutionGuid = {B078DC93-7BCA-4E8E-A1CD-734A249E5523}
	EndGlobalSection
EndGlobal
